
Microsoft Visual Studio Solution File, Format Version 12.00
# Visual Studio 15
VisualStudioVersion = 15.0.28010.2046
MinimumVisualStudioVersion = 10.0.40219.1
Project("{FAE04EC0-301F-11D3-BF4B-00C04F79EFBC}") = "GoldenStore", "GoldenStore\GoldenStore.csproj", "{8009A555-59FC-4325-B79B-CF62AEFF5CAF}"
EndProject
Global
	GlobalSection(SolutionConfigurationPlatforms) = preSolution
		Debug|Any CPU = Debug|Any CPU
		Release|Any CPU = Release|Any CPU
	EndGlobalSection
	GlobalSection(ProjectConfigurationPlatforms) = postSolution
		{8009A555-59FC-4325-B79B-CF62AEFF5CAF}.Debug|Any CPU.ActiveCfg = Debug|Any CPU
		{8009A555-59FC-4325-B79B-CF62AEFF5CAF}.Debug|Any CPU.Build.0 = Debug|Any CPU
		{8009A555-59FC-4325-B79B-CF62AEFF5CAF}.Release|Any CPU.ActiveCfg = Release|Any CPU
		{8009A555-59FC-4325-B79B-CF62AEFF5CAF}.Release|Any CPU.Build.0 = Release|Any CPU
	EndGlobalSection
	GlobalSection(SolutionProperties) = preSolution
		HideSolutionNode = FALSE
	EndGlobalSection
	GlobalSection(ExtensibilityGlobals) = postSolution
		SolutionGuid = {9BFB119F-0CE0-4228-A6F1-B6B98B89783A}
	EndGlobalSection
EndGlobal
